
Microsoft Visual Studio Solution File, Format Version 12.00
# Visual Studio Version 16
VisualStudioVersion = 16.0.30413.136
MinimumVisualStudioVersion = 10.0.40219.1
Project("{FAE04EC0-301F-11D3-BF4B-00C04F79EFBC}") = "Hello Repo", "Hello Repo\Hello Repo.csproj", "{74F48312-1B79-4D4D-8097-771C7B592A99}"
EndProject
Project("{FAE04EC0-301F-11D3-BF4B-00C04F79EFBC}") = "Ejercicio 2", "Ejercicio 2\Ejercicio 2.csproj", "{A4FD1D9D-0D3B-4539-9BC1-415F057C192C}"
EndProject
Global
	GlobalSection(SolutionConfigurationPlatforms) = preSolution
		Debug|Any CPU = Debug|Any CPU
		Release|Any CPU = Release|Any CPU
	EndGlobalSection
	GlobalSection(ProjectConfigurationPlatforms) = postSolution
		{74F48312-1B79-4D4D-8097-771C7B592A99}.Debug|Any CPU.ActiveCfg = Debug|Any CPU
		{74F48312-1B79-4D4D-8097-771C7B592A99}.Debug|Any CPU.Build.0 = Debug|Any CPU
		{74F48312-1B79-4D4D-8097-771C7B592A99}.Release|Any CPU.ActiveCfg = Release|Any CPU
		{74F48312-1B79-4D4D-8097-771C7B592A99}.Release|Any CPU.Build.0 = Release|Any CPU
		{A4FD1D9D-0D3B-4539-9BC1-415F057C192C}.Debug|Any CPU.ActiveCfg = Debug|Any CPU
		{A4FD1D9D-0D3B-4539-9BC1-415F057C192C}.Debug|Any CPU.Build.0 = Debug|Any CPU
		{A4FD1D9D-0D3B-4539-9BC1-415F057C192C}.Release|Any CPU.ActiveCfg = Release|Any CPU
		{A4FD1D9D-0D3B-4539-9BC1-415F057C192C}.Release|Any CPU.Build.0 = Release|Any CPU
	EndGlobalSection
	GlobalSection(SolutionProperties) = preSolution
		HideSolutionNode = FALSE
	EndGlobalSection
	GlobalSection(ExtensibilityGlobals) = postSolution
		SolutionGuid = {48904E4D-1144-425F-8A10-C8A4C6B05127}
	EndGlobalSection
EndGlobal
